
Microsoft Visual Studio Solution File, Format Version 12.00
# Visual Studio 15
VisualStudioVersion = 15.0.28307.489
MinimumVisualStudioVersion = 10.0.40219.1
Project("{FAE04EC0-301F-11D3-BF4B-00C04F79EFBC}") = "TareaNueva", "TareaNueva\TareaNueva.csproj", "{87694A8A-6828-4399-B891-BDA322E53BC7}"
EndProject
Global
	GlobalSection(SolutionConfigurationPlatforms) = preSolution
		Debug|Any CPU = Debug|Any CPU
		Release|Any CPU = Release|Any CPU
	EndGlobalSection
	GlobalSection(ProjectConfigurationPlatforms) = postSolution
		{87694A8A-6828-4399-B891-BDA322E53BC7}.Debug|Any CPU.ActiveCfg = Debug|Any CPU
		{87694A8A-6828-4399-B891-BDA322E53BC7}.Debug|Any CPU.Build.0 = Debug|Any CPU
		{87694A8A-6828-4399-B891-BDA322E53BC7}.Release|Any CPU.ActiveCfg = Release|Any CPU
		{87694A8A-6828-4399-B891-BDA322E53BC7}.Release|Any CPU.Build.0 = Release|Any CPU
	EndGlobalSection
	GlobalSection(SolutionProperties) = preSolution
		HideSolutionNode = FALSE
	EndGlobalSection
	GlobalSection(ExtensibilityGlobals) = postSolution
		SolutionGuid = {A8A87323-FE5F-4642-9F31-33BDFD1544B0}
	EndGlobalSection
EndGlobal
